
Microsoft Visual Studio Solution File, Format Version 12.00
# Visual Studio Version 17
VisualStudioVersion = 17.7.34202.233
MinimumVisualStudioVersion = 10.0.40219.1
Project("{9A19103F-16F7-4668-BE54-9A1E7A4F7556}") = "CombinationWebApp.API", "CombinationWebApp.API\CombinationWebApp.API.csproj", "{9B84E073-8744-4936-AFC3-3E9955477FE4}"
EndProject
Project("{9A19103F-16F7-4668-BE54-9A1E7A4F7556}") = "CombinationWebApp.Infrastructure", "CombinationWebApp.Infrastructure\CombinationWebApp.Infrastructure.csproj", "{7D1FE2EB-CC89-465D-B1DA-7AE7AEF1A172}"
EndProject
Project("{9A19103F-16F7-4668-BE54-9A1E7A4F7556}") = "CombinationWebApp.Presentation", "CombinationWebApp.Presentation\CombinationWebApp.Presentation.csproj", "{4D34C72E-ACE4-4F1D-864B-24247B6BB3AC}"
EndProject
Project("{9A19103F-16F7-4668-BE54-9A1E7A4F7556}") = "CombinationWebApp.Application", "CombinationWebApp.Application\CombinationWebApp.Application.csproj", "{B7F385BE-9A83-4986-B00B-53B9D330F63C}"
EndProject
Project("{9A19103F-16F7-4668-BE54-9A1E7A4F7556}") = "CombinationWebApp.Core", "CombinationWebApp.Core\CombinationWebApp.Core.csproj", "{76E4A9F9-31A3-48B4-BC54-3340C72D2137}"
EndProject
Global
	GlobalSection(SolutionConfigurationPlatforms) = preSolution
		Debug|Any CPU = Debug|Any CPU
		Release|Any CPU = Release|Any CPU
	EndGlobalSection
	GlobalSection(ProjectConfigurationPlatforms) = postSolution
		{9B84E073-8744-4936-AFC3-3E9955477FE4}.Debug|Any CPU.ActiveCfg = Debug|Any CPU
		{9B84E073-8744-4936-AFC3-3E9955477FE4}.Debug|Any CPU.Build.0 = Debug|Any CPU
		{9B84E073-8744-4936-AFC3-3E9955477FE4}.Release|Any CPU.ActiveCfg = Release|Any CPU
		{9B84E073-8744-4936-AFC3-3E9955477FE4}.Release|Any CPU.Build.0 = Release|Any CPU
		{7D1FE2EB-CC89-465D-B1DA-7AE7AEF1A172}.Debug|Any CPU.ActiveCfg = Debug|Any CPU
		{7D1FE2EB-CC89-465D-B1DA-7AE7AEF1A172}.Debug|Any CPU.Build.0 = Debug|Any CPU
		{7D1FE2EB-CC89-465D-B1DA-7AE7AEF1A172}.Release|Any CPU.ActiveCfg = Release|Any CPU
		{7D1FE2EB-CC89-465D-B1DA-7AE7AEF1A172}.Release|Any CPU.Build.0 = Release|Any CPU
		{4D34C72E-ACE4-4F1D-864B-24247B6BB3AC}.Debug|Any CPU.ActiveCfg = Debug|Any CPU
		{4D34C72E-ACE4-4F1D-864B-24247B6BB3AC}.Debug|Any CPU.Build.0 = Debug|Any CPU
		{4D34C72E-ACE4-4F1D-864B-24247B6BB3AC}.Release|Any CPU.ActiveCfg = Release|Any CPU
		{4D34C72E-ACE4-4F1D-864B-24247B6BB3AC}.Release|Any CPU.Build.0 = Release|Any CPU
		{B7F385BE-9A83-4986-B00B-53B9D330F63C}.Debug|Any CPU.ActiveCfg = Debug|Any CPU
		{B7F385BE-9A83-4986-B00B-53B9D330F63C}.Debug|Any CPU.Build.0 = Debug|Any CPU
		{B7F385BE-9A83-4986-B00B-53B9D330F63C}.Release|Any CPU.ActiveCfg = Release|Any CPU
		{B7F385BE-9A83-4986-B00B-53B9D330F63C}.Release|Any CPU.Build.0 = Release|Any CPU
		{76E4A9F9-31A3-48B4-BC54-3340C72D2137}.Debug|Any CPU.ActiveCfg = Debug|Any CPU
		{76E4A9F9-31A3-48B4-BC54-3340C72D2137}.Debug|Any CPU.Build.0 = Debug|Any CPU
		{76E4A9F9-31A3-48B4-BC54-3340C72D2137}.Release|Any CPU.ActiveCfg = Release|Any CPU
		{76E4A9F9-31A3-48B4-BC54-3340C72D2137}.Release|Any CPU.Build.0 = Release|Any CPU
	EndGlobalSection
	GlobalSection(SolutionProperties) = preSolution
		HideSolutionNode = FALSE
	EndGlobalSection
	GlobalSection(ExtensibilityGlobals) = postSolution
		SolutionGuid = {E779AA9C-13D0-4030-872B-8DAFC5C4C2BD}
	EndGlobalSection
EndGlobal
